Microsoft Visual Studio Solution File, Format Version 12.00
# Visual Studio Version 17
VisualStudioVersion = 17.5.2.0
MinimumVisualStudioVersion = 10.0.40219.1
Project("{FAE04EC0-301F-11D3-BF4B-00C04F79EFBC}") = "LTHDT2", "LTHDT2.csproj", "{59D1714D-FA17-7F64-8D0A-01C95976E0B8}"
EndProject
Global
	GlobalSection(SolutionConfigurationPlatforms) = preSolution
		Debug|Any CPU = Debug|Any CPU
		Release|Any CPU = Release|Any CPU
	EndGlobalSection
	GlobalSection(ProjectConfigurationPlatforms) = postSolution
		{59D1714D-FA17-7F64-8D0A-01C95976E0B8}.Debug|Any CPU.ActiveCfg = Debug|Any CPU
		{59D1714D-FA17-7F64-8D0A-01C95976E0B8}.Debug|Any CPU.Build.0 = Debug|Any CPU
		{59D1714D-FA17-7F64-8D0A-01C95976E0B8}.Release|Any CPU.ActiveCfg = Release|Any CPU
		{59D1714D-FA17-7F64-8D0A-01C95976E0B8}.Release|Any CPU.Build.0 = Release|Any CPU
	EndGlobalSection
	GlobalSection(SolutionProperties) = preSolution
		HideSolutionNode = FALSE
	EndGlobalSection
	GlobalSection(ExtensibilityGlobals) = postSolution
		SolutionGuid = {728520FE-3B16-4DF5-9707-C6D8F3EDC59F}
	EndGlobalSection
EndGlobal
